bitbucket.org/ww/goautoneg v0.0.0-20120707110453-75cd24fc2f2c h1:t+Ra932MCC0eeyD/vigXqMbZTzgZjd4JOfBJWC6VSMI=
bitbucket.org/ww/goautoneg v0.0.0-20120707110453-75cd24fc2f2c/go.mod h1:1vhO7Mn/FZMgOgDVGLy5X1mE6rq1HbkBdkF/yj8zkcg=
github.com/arschles/assert v0.0.0-20150820224400-6882f85ccdc7 h1:UZug/mu2sPCjPX61jcJrocE1eYL7OckGAIloM6WqXZU=
github.com/arschles/assert v0.0.0-20150820224400-6882f85ccdc7/go.mod h1:m/u69zW43x0h8dTHcv3JJZljINyEYgBuf5fYJP6WikI=
github.com/aws/aws-sdk-go v1.0.7 h1:XdNtSzKhQHNneffBc1Rh9QwOFbxk2uifdAtPIoQzSRI=
github.com/aws/aws-sdk-go v1.0.7/go.mod h1:ZRmQr0FajVIyZ4ZzBYKG5P3ZqPz9IHG41ZoMu1ADI3k=
github.com/belua/inf v0.0.0-20151208101502-46a406493388 h1:6ZBMFSwDO7mWvmWOUAi/9zI8XIlrt3fsBDLQpLlp1xE=
github.com/belua/inf v0.0.0-20151208101502-46a406493388/go.mod h1:+JQowIwv2r3uUS97bd8MILHj9X0PvEridXxHPBVxz7E=
github.com/beorn7/perks v0.0.0-20150223135152-b965b613227f h1:L/FlB1krOjojJSmUaiAiOMiIdRWylhc9QcHg0vHBuzA=
github.com/beorn7/perks v0.0.0-20150223135152-b965b613227f/go.mod h1:Dwedo/Wpr24TaqPxmxbtue+5NUziq4I4S80YR8gNf3Q=
github.com/blang/semver v3.0.1+incompatible h1:HSK4fJAkncdAqOFSWJBP6JslojPJ4G0Jn1uKwxzWJ1o=
github.com/blang/semver v3.0.1+incompatible/go.mod h1:kRBLl5iJ+tD4TcOOxsy/0fnwebNt5EWlYSAyrTnjyyk=
github.com/davecgh/go-spew v0.0.0-20150410154642-3e6e67c4dcea h1:Oajk9KUcNc6BM0MFLLuTJsNGwfF9IZtZylpx15wSmQA=
github.com/davecgh/go-spew v0.0.0-20150410154642-3e6e67c4dcea/go.mod h1:J7Y8YcW2NihsgmVo/mv3lAwl/skON4iLHjSsI+c5H38=
github.com/docker/docker v1.4.2-0.20150722082610-0f5c9d301b9b h1:qKktLGP5A96BXXF6cL51WK22r/2uba2CsTFEhJgnkt4=
github.com/docker/docker v1.4.2-0.20150722082610-0f5c9d301b9b/go.mod h1:eEKB0N0r5NX/I1kEveEz05bcu8tLC/8azJZsviup8Sk=
github.com/docker/go-units v0.2.1-0.20151230175859-0bbddae09c5a h1:42qf1j6VWt3GUQzr0Hy8EL3DhNzLBiuWw5wQjNBlFyo=
github.com/docker/go-units v0.2.1-0.20151230175859-0bbddae09c5a/go.mod h1:fgPhTUdO+D/Jk86RDLlptpiXQzgHJF7gydDDbaIK4Dk=
github.com/emicklei/go-restful v1.1.4-0.20151126145626-777bb3f19bca h1:6r50JDdCFw/00MQAmSpWCNIneTyLzLA0F/2qy4LE52w=
github.com/emicklei/go-restful v1.1.4-0.20151126145626-777bb3f19bca/go.mod h1:otzb+WCGbkyDHkqmQmT5YD2WR4BBwUdeQoFo8l/7tVs=
github.com/ghodss/yaml v0.0.0-20150909031657-73d445a93680 h1:ZktWZesgun21uEDrwW7iEV1zPCGQldM2atlJZ3TdvVM=
github.com/ghodss/yaml v0.0.0-20150909031657-73d445a93680/go.mod h1:4dBDuWmgqj2HViK6kFavaiC9ZROes6MMH2rRYeMEF04=
github.com/go-ini/ini v0.0.0-20151119163333-2e44421e256d h1:xotg2DEmHEKIFEnwcEJJ2oF8PKY4tJazyGKl/ih8n2A=
github.com/go-ini/ini v0.0.0-20151119163333-2e44421e256d/go.mod h1:ByCAeIL28uOIIG0E3PJtZPDL8WnHpFKFOtgjp+3Ies8=
github.com/golang/glog v0.0.0-20141105023935-44145f04b68c h1:CbdkBQ1/PiAo0FYJhQGwASD8wrgNvTdf01g6+O9tNuA=
github.com/golang/glog v0.0.0-20141105023935-44145f04b68c/go.mod h1:SBH7ygxi8pfUlaOkMMuAQtPIUF8ecWP5IEl/CR7VP2Q=
github.com/golang/protobuf v0.0.0-20160203230820-b982704f8bb7 h1:rZeVhHkNPzCCDNLr2eGTqph0njsIaj0lSLiuSnMdtrE=
github.com/golang/protobuf v0.0.0-20160203230820-b982704f8bb7/go.mod h1:6lQm79b+lXiMfvg/cZm0SGofjICqVBUtrP5yJMmIC1U=
github.com/google/cadvisor v0.22.2 h1:fVFZn7S+v2n5mpYo/gxhAiR16ZElK1Is0zsUVIbBWD0=
github.com/google/cadvisor v0.22.2/go.mod h1:1nql6U13uTHaLYB8rLS5x9IJc2qT6Xd/Tr1sTX6NE48=
github.com/google/gofuzz v0.0.0-20150304233714-bbcb9da2d746 h1:M6d2zDTA4cKXT6OwFsJxlo5tWrAukj3KfvJ1zcBatnA=
github.com/google/gofuzz v0.0.0-20150304233714-bbcb9da2d746/go.mod h1:HP5RmnzzSNb993RKQDq4+1A4ia9nllfqcQFTQJedwGI=
github.com/jmespath/go-jmespath v0.0.0-20151117175822-3433f3ea46d9 h1:1SlajWtS+u/6x2Be5vrHyrbSxkeIf/+ISBu//kmjpnc=
github.com/jmespath/go-jmespath v0.0.0-20151117175822-3433f3ea46d9/go.mod h1:Nht3zPeWKUH0NzdCt2Blrr5ys8VGpn0CEB0cQHVjt7k=
github.com/juju/ratelimit v0.0.0-20151125201925-77ed1c8a0121 h1:tK7/W+/VbVcqFcQzl3qMnrc/z3h/XOBIrJ9e/cv5hx4=
github.com/juju/ratelimit v0.0.0-20151125201925-77ed1c8a0121/go.mod h1:qapgC/Gy+xNh9UxzV13HGGl/6UXNN+ct+vwSgWNm/qk=
github.com/matttproud/golang_protobuf_extensions v0.0.0-20150406173934-fc2b8d3a73c4 h1:NlK6WXPDxjVVwseTuj5NdNJBDabnoJryx4UqB5i/Lk8=
github.com/matttproud/golang_protobuf_extensions v0.0.0-20150406173934-fc2b8d3a73c4/go.mod h1:D8He9yQNgCq6Z5Ld7szi9bcBfOoFv/3dc6xSMkL2PC0=
github.com/opencontainers/runc v0.0.7 h1:QfJv5w4VXEPOzUiyq471JnLyG5sZk3ogeNlzpTUyiX8=
github.com/opencontainers/runc v0.0.7/go.mod h1:qT5XzbpPznkRYVz/mWwUaVBUv2rmF59PVA73FjuZG0U=
github.com/pborman/uuid v0.0.0-20150603214016-ca53cad383ca h1:dKRMHfduZ/ZqOHuYGk/0kkTIUbnyorkAfzLOp6Ts8pU=
github.com/pborman/uuid v0.0.0-20150603214016-ca53cad383ca/go.mod h1:VyrYX9gd7irzKovcSS6BIIEwPRkP2Wm2m9ufcdFSJ34=
github.com/prometheus/client_golang v0.0.0-20150918133702-3b78d7a77f51 h1:lDSuvE+cI6MV/AF10odzXL+cbGPhIq+4gvpRYUp7wUw=
github.com/prometheus/client_golang v0.0.0-20150918133702-3b78d7a77f51/go.mod h1:7SWBe2y4D6OKWSNQJUaRYU/AaXPKyh/dDVn+NZz0KFw=
github.com/prometheus/client_model v0.0.0-20150212101744-fa8ad6fec335 h1:0E/5GnGmzoDCtmzTycjGDWW33H0UBmAhR0h+FC8hWLs=
github.com/prometheus/client_model v0.0.0-20150212101744-fa8ad6fec335/go.mod h1:MbSGuTsp3dbXC40dX6PRTWyKYBIrTGTE9sqQNg2J8bo=
github.com/prometheus/common v0.0.0-20150921141646-ef7a9a5fb138 h1:qynVf8h69vvPcSZYzhx2bbunuCXzrRaOVHPUdOvGWjI=
github.com/prometheus/common v0.0.0-20150921141646-ef7a9a5fb138/go.mod h1:daVV7qP5qjZbuso7PdcryaAu0sAZbrN9i7WWcTMWvro=
github.com/prometheus/procfs v0.0.0-20150404022132-490cc6eb5fa4 h1:SeqITFdSXfuUPCi0W2pwKGeb4udj9lbEihzMBMvwokw=
github.com/prometheus/procfs v0.0.0-20150404022132-490cc6eb5fa4/go.mod h1:c3At6R/oaqEKCNdg8wHV1ftS6bRYblBhIjjI8uT2IGk=
github.com/spf13/pflag v0.0.0-20151013200643-08b1a584251b h1:BnumbFpjTS6VXEbk2Xwk7CTt0HjRyX1rKAzaKTENl6A=
github.com/spf13/pflag v0.0.0-20151013200643-08b1a584251b/go.mod h1:DYY7MBk1bdzusC3SYhjObp+wFpr4gzcvqqNjLnInEg4=
github.com/ugorji/go v0.0.0-20160211161415-f4485b318aad h1:wX4pnxjugZqNJRjP8uBMi8O9I81j2J0XQr66BYV5MEQ=
github.com/ugorji/go v0.0.0-20160211161415-f4485b318aad/go.mod h1:hnLbHMwcvSihnDhEfx2/BzKp2xb0Y+ErdfYcrs9tkJQ=
golang.org/x/net v0.0.0-20150927182833-c2528b2dd835 h1:BZkrFfBS1SgvxbKrP1sikpFBYbq3xfI3Zlywj6nOV8Q=
golang.org/x/net v0.0.0-20150927182833-c2528b2dd835/go.mod h1:mL1N/T3taQHkDXs73rZJwtUhF3w3ftmwwsq0BUmARs4=
golang.org/x/oauth2 v0.0.0-20150527205432-b5adcc2dcdf0 h1:WEdyg7xtHddMVGH7OgsnHsb00YDb0M8Fw3i4FcAJRl0=
golang.org/x/oauth2 v0.0.0-20150527205432-b5adcc2dcdf0/go.mod h1:N/0e6XlmueqKjAGxoOufVs8QHGRruUQn6yWY3a++T0U=
google.golang.org/appengine v0.0.0-20160621060416-267c27e74922 h1:gHCUPwst+IxLPSNSG+jClGv+Dz5Tly/Y8D73bvQwIXM=
google.golang.org/appengine v0.0.0-20160621060416-267c27e74922/go.mod h1:EbEs0AVv82hx2wNQdGPgUI5lhzA/G0D9YwlJXL52JkM=
google.golang.org/cloud v0.0.0-20150114225208-2e43671e4ad8 h1:i+lqDBTrcsuFdJN44RFUe5XIYufws5gsegoyu1b7QSA=
google.golang.org/cloud v0.0.0-20150114225208-2e43671e4ad8/go.mod h1:0H1ncTHf11KCFhTc/+EFRbzSCOZx+VUbRMk55Yv5MYk=
gopkg.in/yaml.v2 v2.0.0-20141029210843-d466437aa4ad h1:3SOi6w/NEma/Ir04qIGumn/RZwbXRhJSM7gN9YN8Ajc=
gopkg.in/yaml.v2 v2.0.0-20141029210843-d466437aa4ad/go.mod h1:JAlM8MvJe8wmxCU4Bli9HhUf9+ttbYbLASfIpnQbh74=
k8s.io/kubernetes v1.2.4 h1:rOszJFT1QaY925L+fhQMIizfQRJzKm9Q9FthajiBZ5g=
k8s.io/kubernetes v1.2.4/go.mod h1:ocZa8+6APFNC2tX1DZASIbocyYT5jHzqFVsY5aoB7Jk=
